
Microsoft Visual Studio Solution File, Format Version 12.00
# Visual Studio Version 17
VisualStudioVersion = 17.14.36414.22 d17.14
MinimumVisualStudioVersion = 10.0.40219.1
Project("{FAE04EC0-301F-11D3-BF4B-00C04F79EFBC}") = "Food_Station", "Food_Station\Food_Station.csproj", "{577C8680-79F4-4787-93E4-A0107AC662EE}"
EndProject
Project("{FAE04EC0-301F-11D3-BF4B-00C04F79EFBC}") = "Domain", "Domain\Domain.csproj", "{72FAF625-F77C-4827-BDED-F31251EEE3D1}"
EndProject
Project("{FAE04EC0-301F-11D3-BF4B-00C04F79EFBC}") = "Application", "Application\Application.csproj", "{ED0FC526-7F52-416A-B10F-F72057EBDB4C}"
EndProject
Global
	GlobalSection(SolutionConfigurationPlatforms) = preSolution
		Debug|Any CPU = Debug|Any CPU
		Release|Any CPU = Release|Any CPU
	EndGlobalSection
	GlobalSection(ProjectConfigurationPlatforms) = postSolution
		{577C8680-79F4-4787-93E4-A0107AC662EE}.Debug|Any CPU.ActiveCfg = Debug|Any CPU
		{577C8680-79F4-4787-93E4-A0107AC662EE}.Debug|Any CPU.Build.0 = Debug|Any CPU
		{577C8680-79F4-4787-93E4-A0107AC662EE}.Release|Any CPU.ActiveCfg = Release|Any CPU
		{577C8680-79F4-4787-93E4-A0107AC662EE}.Release|Any CPU.Build.0 = Release|Any CPU
		{72FAF625-F77C-4827-BDED-F31251EEE3D1}.Debug|Any CPU.ActiveCfg = Debug|Any CPU
		{72FAF625-F77C-4827-BDED-F31251EEE3D1}.Debug|Any CPU.Build.0 = Debug|Any CPU
		{72FAF625-F77C-4827-BDED-F31251EEE3D1}.Release|Any CPU.ActiveCfg = Release|Any CPU
		{72FAF625-F77C-4827-BDED-F31251EEE3D1}.Release|Any CPU.Build.0 = Release|Any CPU
		{ED0FC526-7F52-416A-B10F-F72057EBDB4C}.Debug|Any CPU.ActiveCfg = Debug|Any CPU
		{ED0FC526-7F52-416A-B10F-F72057EBDB4C}.Debug|Any CPU.Build.0 = Debug|Any CPU
		{ED0FC526-7F52-416A-B10F-F72057EBDB4C}.Release|Any CPU.ActiveCfg = Release|Any CPU
		{ED0FC526-7F52-416A-B10F-F72057EBDB4C}.Release|Any CPU.Build.0 = Release|Any CPU
	EndGlobalSection
	GlobalSection(SolutionProperties) = preSolution
		HideSolutionNode = FALSE
	EndGlobalSection
	GlobalSection(ExtensibilityGlobals) = postSolution
		SolutionGuid = {17864694-4363-4848-B346-62109C5C59ED}
	EndGlobalSection
EndGlobal
